{
  "nodes": {
    "android": {
      "inputs": {
        "devshell": "devshell",
        "flake-utils": "flake-utils",
        "nixpkgs": "nixpkgs_4"
      },
      "locked": {
        "lastModified": 1689625339,
        "narHash": "sha256-on0jWZPkSVgcF+Lb6fTJsPbLEa6Y4DO36CEEkv3cyKw=",
        "owner": "tadfisher",
        "repo": "android-nixpkgs",
        "rev": "032e8a39894c3a8a50c77ab1d2e9daa9b27bcaaa",
        "type": "github"
      },
      "original": {
        "owner": "tadfisher",
        "repo": "android-nixpkgs",
        "type": "github"
      }
    },
    "crane": {
      "locked": {
        "lastModified": 1743908961,
        "narHash": "sha256-e1idZdpnnHWuosI3KsBgAgrhMR05T2oqskXCmNzGPq0=",
        "owner": "ipetkov",
        "repo": "crane",
        "rev": "80ceeec0dc94ef967c371dcdc56adb280328f591",
        "type": "github"
      },
      "original": {
        "owner": "ipetkov",
        "repo": "crane",
        "type": "github"
      }
    },
    "crane_2": {
      "inputs": {
        "flake-compat": "flake-compat",
        "flake-utils": "flake-utils_2",
        "nixpkgs": "nixpkgs_5",
        "rust-overlay": "rust-overlay_2"
      },
      "locked": {
        "lastModified": 1688772518,
        "narHash": "sha256-ol7gZxwvgLnxNSZwFTDJJ49xVY5teaSvF7lzlo3YQfM=",
        "owner": "ipetkov",
        "repo": "crane",
        "rev": "8b08e96c9af8c6e3a2b69af5a7fa168750fcf88e",
        "type": "github"
      },
      "original": {
        "owner": "ipetkov",
        "repo": "crane",
        "type": "github"
      }
    },
    "dankMaterialShell": {
      "inputs": {
        "dgop": [
          "dgop"
        ],
        "nixpkgs": [
          "nixpkgs-unstable"
        ]
      },
      "locked": {
        "lastModified": 1763268084,
        "narHash": "sha256-sEMirsh4a965vVPCNH0kUxkz7TukjCUfyud2UAJ9lzg=",
        "owner": "AvengeMedia",
        "repo": "DankMaterialShell",
        "rev": "64ec5be91934bd4ce5125f251d167bb15f34d7f1",
        "type": "github"
      },
      "original": {
        "owner": "AvengeMedia",
        "repo": "DankMaterialShell",
        "type": "github"
      }
    },
    "devshell": {
      "inputs": {
        "nixpkgs": [
          "ttv",
          "geng",
          "android",
          "nixpkgs"
        ],
        "systems": "systems_3"
      },
      "locked": {
        "lastModified": 1688380630,
        "narHash": "sha256-8ilApWVb1mAi4439zS3iFeIT0ODlbrifm/fegWwgHjA=",
        "owner": "numtide",
        "repo": "devshell",
        "rev": "f9238ec3d75cefbb2b42a44948c4e8fb1ae9a205",
        "type": "github"
      },
      "original": {
        "owner": "numtide",
        "repo": "devshell",
        "type": "github"
      }
    },
    "dgop": {
      "inputs": {
        "nixpkgs": [
          "nixpkgs-unstable"
        ]
      },
      "locked": {
        "lastModified": 1762835999,
        "narHash": "sha256-UykYGrGFOFTmDpKTLNxj1wvd1gbDG4TkqLNSbV0TYwk=",
        "owner": "AvengeMedia",
        "repo": "dgop",
        "rev": "799301991cd5dcea9b64245f9d500dcc76615653",
        "type": "github"
      },
      "original": {
        "owner": "AvengeMedia",
        "repo": "dgop",
        "type": "github"
      }
    },
    "flake-compat": {
      "flake": false,
      "locked": {
        "lastModified": 1673956053,
        "narHash": "sha256-4gtG9iQuiKITOjNQQeQIpoIB6b16fm+504Ch3sNKLd8=",
        "owner": "edolstra",
        "repo": "flake-compat",
        "rev": "35bb57c0c8d8b62bbfd284272c928ceb64ddbde9",
        "type": "github"
      },
      "original": {
        "owner": "edolstra",
        "repo": "flake-compat",
        "type": "github"
      }
    },
    "flake-utils": {
      "inputs": {
        "systems": "systems_4"
      },
      "locked": {
        "lastModified": 1689068808,
        "narHash": "sha256-6ixXo3wt24N/melDWjq70UuHQLxGV8jZvooRanIHXw0=",
        "owner": "numtide",
        "repo": "flake-utils",
        "rev": "919d646de7be200f3bf08cb76ae1f09402b6f9b4",
        "type": "github"
      },
      "original": {
        "owner": "numtide",
        "repo": "flake-utils",
        "type": "github"
      }
    },
    "flake-utils_2": {
      "inputs": {
        "systems": "systems_5"
      },
      "locked": {
        "lastModified": 1687709756,
        "narHash": "sha256-Y5wKlQSkgEK2weWdOu4J3riRd+kV/VCgHsqLNTTWQ/0=",
        "owner": "numtide",
        "repo": "flake-utils",
        "rev": "dbabf0ca0c0c4bce6ea5eaf65af5cb694d2082c7",
        "type": "github"
      },
      "original": {
        "owner": "numtide",
        "repo": "flake-utils",
        "type": "github"
      }
    },
    "flake-utils_3": {
      "inputs": {
        "systems": "systems_6"
      },
      "locked": {
        "lastModified": 1681202837,
        "narHash": "sha256-H+Rh19JDwRtpVPAWp64F+rlEtxUWBAQW28eAi3SRSzg=",
        "owner": "numtide",
        "repo": "flake-utils",
        "rev": "cfacdce06f30d2b68473a46042957675eebb3401",
        "type": "github"
      },
      "original": {
        "owner": "numtide",
        "repo": "flake-utils",
        "type": "github"
      }
    },
    "geng": {
      "inputs": {
        "android": "android",
        "crane": "crane_2",
        "nixpkgs": "nixpkgs_6",
        "rust-overlay": "rust-overlay_3",
        "utils": "utils"
      },
      "locked": {
        "lastModified": 1692639763,
        "narHash": "sha256-fxoUP0crtvl13fuYqH+JXbX1djWSmx/e/62wHSEqb/A=",
        "owner": "geng-engine",
        "repo": "geng",
        "rev": "e195e745bf817568adbc494cbda51bb88828ceff",
        "type": "github"
      },
      "original": {
        "owner": "geng-engine",
        "repo": "geng",
        "type": "github"
      }
    },
    "home-manager": {
      "inputs": {
        "nixpkgs": [
          "nixpkgs-stable"
        ]
      },
      "locked": {
        "lastModified": 1763228015,
        "narHash": "sha256-1rYieMVUyZ3kK/cBIr8mOusxrOEJ1/+2MsOg0oJ7b3A=",
        "owner": "nix-community",
        "repo": "home-manager",
        "rev": "96156a9e86281c4bfc451236bc2ddfe4317e6f39",
        "type": "github"
      },
      "original": {
        "owner": "nix-community",
        "ref": "master",
        "repo": "home-manager",
        "type": "github"
      }
    },
    "kuvibot": {
      "inputs": {
        "crane": "crane",
        "nixpkgs": "nixpkgs",
        "rust-overlay": "rust-overlay",
        "systems": "systems"
      },
      "locked": {
        "lastModified": 1753090662,
        "narHash": "sha256-cA8LwWWtInjMKJr5/g/UJxcbjwwMdzyF/O/I6xdHuIY=",
        "owner": "kuviman",
        "repo": "kuvibot",
        "rev": "28d5bb3b83e5f8272336a67a8db7fe3ba0bc8837",
        "type": "github"
      },
      "original": {
        "owner": "kuviman",
        "repo": "kuvibot",
        "type": "github"
      }
    },
    "niri": {
      "inputs": {
        "niri-stable": "niri-stable",
        "niri-unstable": "niri-unstable",
        "nixpkgs": [
          "nixpkgs-unstable"
        ],
        "nixpkgs-stable": "nixpkgs-stable",
        "xwayland-satellite-stable": "xwayland-satellite-stable",
        "xwayland-satellite-unstable": "xwayland-satellite-unstable"
      },
      "locked": {
        "lastModified": 1763126448,
        "narHash": "sha256-LVYJJObvkWwR8QB/Srr6Rks+Fw2lYvnRNOH0etV9DM8=",
        "owner": "sodiboo",
        "repo": "niri-flake",
        "rev": "add7bcf2925547e180cc2fe6d5f4b5e7c579d086",
        "type": "github"
      },
      "original": {
        "owner": "sodiboo",
        "repo": "niri-flake",
        "type": "github"
      }
    },
    "niri-stable": {
      "flake": false,
      "locked": {
        "lastModified": 1756556321,
        "narHash": "sha256-RLD89dfjN0RVO86C/Mot0T7aduCygPGaYbog566F0Qo=",
        "owner": "YaLTeR",
        "repo": "niri",
        "rev": "01be0e65f4eb91a9cd624ac0b76aaeab765c7294",
        "type": "github"
      },
      "original": {
        "owner": "YaLTeR",
        "ref": "v25.08",
        "repo": "niri",
        "type": "github"
      }
    },
    "niri-unstable": {
      "flake": false,
      "locked": {
        "lastModified": 1763014447,
        "narHash": "sha256-nmu7S8J9IJKLQyIkSU8QWYHygrfw76NHGTkcr+bXMX0=",
        "owner": "YaLTeR",
        "repo": "niri",
        "rev": "a52df533c4694b5ed0a04140af60fd26146df911",
        "type": "github"
      },
      "original": {
        "owner": "YaLTeR",
        "repo": "niri",
        "type": "github"
      }
    },
    "nixpkgs": {
      "locked": {
        "lastModified": 1744157173,
        "narHash": "sha256-bWSjxDwq7iVePrhmA7tY2dyMWHuNJo8knkO4y+q4ZkY=",
        "owner": "NixOS",
        "repo": "nixpkgs",
        "rev": "6a39c6e495eefabc935d8ddf66aa45d85b85fa3f",
        "type": "github"
      },
      "original": {
        "owner": "NixOS",
        "ref": "nixpkgs-unstable",
        "repo": "nixpkgs",
        "type": "github"
      }
    },
    "nixpkgs-stable": {
      "locked": {
        "lastModified": 1763049705,
        "narHash": "sha256-A5LS0AJZ1yDPTa2fHxufZN++n8MCmtgrJDtxFxrH4S8=",
        "owner": "NixOS",
        "repo": "nixpkgs",
        "rev": "3acb677ea67d4c6218f33de0db0955f116b7588c",
        "type": "github"
      },
      "original": {
        "owner": "NixOS",
        "ref": "nixos-25.05",
        "repo": "nixpkgs",
        "type": "github"
      }
    },
    "nixpkgs-stable_2": {
      "locked": {
        "lastModified": 1763049705,
        "narHash": "sha256-A5LS0AJZ1yDPTa2fHxufZN++n8MCmtgrJDtxFxrH4S8=",
        "owner": "nixos",
        "repo": "nixpkgs",
        "rev": "3acb677ea67d4c6218f33de0db0955f116b7588c",
        "type": "github"
      },
      "original": {
        "owner": "nixos",
        "ref": "nixos-25.05",
        "repo": "nixpkgs",
        "type": "github"
      }
    },
    "nixpkgs-unstable": {
      "locked": {
        "lastModified": 1763191728,
        "narHash": "sha256-esRhOS0APE6k40Hs/jjReXg+rx+J5LkWw7cuWFKlwYA=",
        "owner": "nixos",
        "repo": "nixpkgs",
        "rev": "1d4c88323ac36805d09657d13a5273aea1b34f0c",
        "type": "github"
      },
      "original": {
        "owner": "nixos",
        "ref": "nixpkgs-unstable",
        "repo": "nixpkgs",
        "type": "github"
      }
    },
    "nixpkgs_2": {
      "locked": {
        "lastModified": 1736320768,
        "narHash": "sha256-nIYdTAiKIGnFNugbomgBJR+Xv5F1ZQU+HfaBqJKroC0=",
        "owner": "NixOS",
        "repo": "nixpkgs",
        "rev": "4bc9c909d9ac828a039f288cf872d16d38185db8",
        "type": "github"
      },
      "original": {
        "owner": "NixOS",
        "ref": "nixpkgs-unstable",
        "repo": "nixpkgs",
        "type": "github"
      }
    },
    "nixpkgs_3": {
      "locked": {
        "lastModified": 1763191728,
        "narHash": "sha256-esRhOS0APE6k40Hs/jjReXg+rx+J5LkWw7cuWFKlwYA=",
        "owner": "NixOS",
        "repo": "nixpkgs",
        "rev": "1d4c88323ac36805d09657d13a5273aea1b34f0c",
        "type": "github"
      },
      "original": {
        "owner": "NixOS",
        "ref": "nixpkgs-unstable",
        "repo": "nixpkgs",
        "type": "github"
      }
    },
    "nixpkgs_4": {
      "locked": {
        "lastModified": 1689534811,
        "narHash": "sha256-jnSUdzD/414d94plCyNlvTJJtiTogTep6t7ZgIKIHiE=",
        "owner": "NixOS",
        "repo": "nixpkgs",
        "rev": "6cee3b5893090b0f5f0a06b4cf42ca4e60e5d222",
        "type": "github"
      },
      "original": {
        "owner": "NixOS",
        "ref": "nixos-unstable",
        "repo": "nixpkgs",
        "type": "github"
      }
    },
    "nixpkgs_5": {
      "locked": {
        "lastModified": 1688221086,
        "narHash": "sha256-cdW6qUL71cNWhHCpMPOJjlw0wzSRP0pVlRn2vqX/VVg=",
        "owner": "NixOS",
        "repo": "nixpkgs",
        "rev": "cd99c2b3c9f160cd004318e0697f90bbd5960825",
        "type": "github"
      },
      "original": {
        "owner": "NixOS",
        "ref": "nixpkgs-unstable",
        "repo": "nixpkgs",
        "type": "github"
      }
    },
    "nixpkgs_6": {
      "locked": {
        "lastModified": 1689631193,
        "narHash": "sha256-AGSkBZaiTODQc8eT1rZDrQIjtb8JtFwJ0wVPzArlrnM=",
        "owner": "NixOS",
        "repo": "nixpkgs",
        "rev": "57695599bdc4f7bfe5d28cfa23f14b3d8bdf8a5f",
        "type": "github"
      },
      "original": {
        "owner": "NixOS",
        "ref": "nixpkgs-unstable",
        "repo": "nixpkgs",
        "type": "github"
      }
    },
    "nixpkgs_7": {
      "locked": {
        "lastModified": 1681358109,
        "narHash": "sha256-eKyxW4OohHQx9Urxi7TQlFBTDWII+F+x2hklDOQPB50=",
        "owner": "NixOS",
        "repo": "nixpkgs",
        "rev": "96ba1c52e54e74c3197f4d43026b3f3d92e83ff9",
        "type": "github"
      },
      "original": {
        "owner": "NixOS",
        "ref": "nixpkgs-unstable",
        "repo": "nixpkgs",
        "type": "github"
      }
    },
    "nixpkgs_8": {
      "locked": {
        "lastModified": 1692638711,
        "narHash": "sha256-J0LgSFgJVGCC1+j5R2QndadWI1oumusg6hCtYAzLID4=",
        "owner": "NixOs",
        "repo": "nixpkgs",
        "rev": "91a22f76cd1716f9d0149e8a5c68424bb691de15",
        "type": "github"
      },
      "original": {
        "owner": "NixOs",
        "repo": "nixpkgs",
        "type": "github"
      }
    },
    "root": {
      "inputs": {
        "dankMaterialShell": "dankMaterialShell",
        "dgop": "dgop",
        "home-manager": "home-manager",
        "kuvibot": "kuvibot",
        "niri": "niri",
        "nixpkgs-stable": "nixpkgs-stable_2",
        "nixpkgs-unstable": "nixpkgs-unstable",
        "sops": "sops",
        "systems": "systems_2",
        "ttv": "ttv"
      }
    },
    "rust-overlay": {
      "inputs": {
        "nixpkgs": "nixpkgs_2"
      },
      "locked": {
        "lastModified": 1744338850,
        "narHash": "sha256-pwMIVmsb8fjjT92n5XFDqCsplcX70qVMMT7NulumPXs=",
        "owner": "oxalica",
        "repo": "rust-overlay",
        "rev": "5e64aecc018e6f775572609e7d7485fdba6985a7",
        "type": "github"
      },
      "original": {
        "owner": "oxalica",
        "repo": "rust-overlay",
        "type": "github"
      }
    },
    "rust-overlay_2": {
      "inputs": {
        "flake-utils": [
          "ttv",
          "geng",
          "crane",
          "flake-utils"
        ],
        "nixpkgs": [
          "ttv",
          "geng",
          "crane",
          "nixpkgs"
        ]
      },
      "locked": {
        "lastModified": 1688351637,
        "narHash": "sha256-CLTufJ29VxNOIZ8UTg0lepsn3X03AmopmaLTTeHDCL4=",
        "owner": "oxalica",
        "repo": "rust-overlay",
        "rev": "f9b92316727af9e6c7fee4a761242f7f46880329",
        "type": "github"
      },
      "original": {
        "owner": "oxalica",
        "repo": "rust-overlay",
        "type": "github"
      }
    },
    "rust-overlay_3": {
      "inputs": {
        "flake-utils": "flake-utils_3",
        "nixpkgs": "nixpkgs_7"
      },
      "locked": {
        "lastModified": 1689647697,
        "narHash": "sha256-8ZX/DVpKLmr85FRKILb+2p+JuxfLQ49LjXG/gmwsoIU=",
        "owner": "oxalica",
        "repo": "rust-overlay",
        "rev": "ed2774a9131ddad12e552ba04bd92f87df04a28b",
        "type": "github"
      },
      "original": {
        "owner": "oxalica",
        "repo": "rust-overlay",
        "type": "github"
      }
    },
    "sops": {
      "inputs": {
        "nixpkgs": "nixpkgs_3"
      },
      "locked": {
        "lastModified": 1763264763,
        "narHash": "sha256-N0BEoJIlJ+M6sWZJ8nnfAjGY9VLvM6MXMitRenmhBkY=",
        "owner": "Mic92",
        "repo": "sops-nix",
        "rev": "882e56c8293e44d57d882b800a82f8b2ee7a858f",
        "type": "github"
      },
      "original": {
        "owner": "Mic92",
        "repo": "sops-nix",
        "type": "github"
      }
    },
    "systems": {
      "flake": false,
      "locked": {
        "lastModified": 1681028828,
        "narHash": "sha256-Vy1rq5AaRuLzOxct8nz4T6wlgyUR7zLU309k9mBC768=",
        "owner": "nix-systems",
        "repo": "default",
        "rev": "da67096a3b9bf56a91d16901293e51ba5b49a27e",
        "type": "github"
      },
      "original": {
        "owner": "nix-systems",
        "repo": "default",
        "type": "github"
      }
    },
    "systems_2": {
      "locked": {
        "lastModified": 1681028828,
        "narHash": "sha256-Vy1rq5AaRuLzOxct8nz4T6wlgyUR7zLU309k9mBC768=",
        "owner": "nix-systems",
        "repo": "default",
        "rev": "da67096a3b9bf56a91d16901293e51ba5b49a27e",
        "type": "github"
      },
      "original": {
        "owner": "nix-systems",
        "repo": "default",
        "type": "github"
      }
    },
    "systems_3": {
      "locked": {
        "lastModified": 1681028828,
        "narHash": "sha256-Vy1rq5AaRuLzOxct8nz4T6wlgyUR7zLU309k9mBC768=",
        "owner": "nix-systems",
        "repo": "default",
        "rev": "da67096a3b9bf56a91d16901293e51ba5b49a27e",
        "type": "github"
      },
      "original": {
        "owner": "nix-systems",
        "repo": "default",
        "type": "github"
      }
    },
    "systems_4": {
      "locked": {
        "lastModified": 1681028828,
        "narHash": "sha256-Vy1rq5AaRuLzOxct8nz4T6wlgyUR7zLU309k9mBC768=",
        "owner": "nix-systems",
        "repo": "default",
        "rev": "da67096a3b9bf56a91d16901293e51ba5b49a27e",
        "type": "github"
      },
      "original": {
        "owner": "nix-systems",
        "repo": "default",
        "type": "github"
      }
    },
    "systems_5": {
      "locked": {
        "lastModified": 1681028828,
        "narHash": "sha256-Vy1rq5AaRuLzOxct8nz4T6wlgyUR7zLU309k9mBC768=",
        "owner": "nix-systems",
        "repo": "default",
        "rev": "da67096a3b9bf56a91d16901293e51ba5b49a27e",
        "type": "github"
      },
      "original": {
        "owner": "nix-systems",
        "repo": "default",
        "type": "github"
      }
    },
    "systems_6": {
      "locked": {
        "lastModified": 1681028828,
        "narHash": "sha256-Vy1rq5AaRuLzOxct8nz4T6wlgyUR7zLU309k9mBC768=",
        "owner": "nix-systems",
        "repo": "default",
        "rev": "da67096a3b9bf56a91d16901293e51ba5b49a27e",
        "type": "github"
      },
      "original": {
        "owner": "nix-systems",
        "repo": "default",
        "type": "github"
      }
    },
    "systems_7": {
      "locked": {
        "lastModified": 1681028828,
        "narHash": "sha256-Vy1rq5AaRuLzOxct8nz4T6wlgyUR7zLU309k9mBC768=",
        "owner": "nix-systems",
        "repo": "default",
        "rev": "da67096a3b9bf56a91d16901293e51ba5b49a27e",
        "type": "github"
      },
      "original": {
        "owner": "nix-systems",
        "repo": "default",
        "type": "github"
      }
    },
    "ttv": {
      "inputs": {
        "geng": "geng",
        "nixpkgs": "nixpkgs_8"
      },
      "locked": {
        "lastModified": 1737208399,
        "narHash": "sha256-34Q3YH0SZ2dys/9jLwemw48bsCQN2XZr6u6p4e0JuuA=",
        "owner": "kuviman",
        "repo": "ttv",
        "rev": "d6e02b391b3e6d8208991e2ce52dc84b3542a71e",
        "type": "github"
      },
      "original": {
        "owner": "kuviman",
        "repo": "ttv",
        "type": "github"
      }
    },
    "utils": {
      "inputs": {
        "systems": "systems_7"
      },
      "locked": {
        "lastModified": 1689068808,
        "narHash": "sha256-6ixXo3wt24N/melDWjq70UuHQLxGV8jZvooRanIHXw0=",
        "owner": "numtide",
        "repo": "flake-utils",
        "rev": "919d646de7be200f3bf08cb76ae1f09402b6f9b4",
        "type": "github"
      },
      "original": {
        "owner": "numtide",
        "repo": "flake-utils",
        "type": "github"
      }
    },
    "xwayland-satellite-stable": {
      "flake": false,
      "locked": {
        "lastModified": 1755491097,
        "narHash": "sha256-m+9tUfsmBeF2Gn4HWa6vSITZ4Gz1eA1F5Kh62B0N4oE=",
        "owner": "Supreeeme",
        "repo": "xwayland-satellite",
        "rev": "388d291e82ffbc73be18169d39470f340707edaa",
        "type": "github"
      },
      "original": {
        "owner": "Supreeeme",
        "ref": "v0.7",
        "repo": "xwayland-satellite",
        "type": "github"
      }
    },
    "xwayland-satellite-unstable": {
      "flake": false,
      "locked": {
        "lastModified": 1762747449,
        "narHash": "sha256-Z1TKiux8K09a93w4PFDFsj8HFugXNy3iCC3Z8MpR5Rk=",
        "owner": "Supreeeme",
        "repo": "xwayland-satellite",
        "rev": "6338574bc5c036487486acde264f38f39ea15fad",
        "type": "github"
      },
      "original": {
        "owner": "Supreeeme",
        "repo": "xwayland-satellite",
        "type": "github"
      }
    }
  },
  "root": "root",
  "version": 7
}
